
Microsoft Visual Studio Solution File, Format Version 12.00
Project("{FAE04EC0-301F-11D3-BF4B-00C04F79EFBC}") = "MemNet", "MemNet\MemNet.csproj", "{68B01A46-0B2E-4AA4-9B19-1348CFF5DC77}"
EndProject
Project("{FAE04EC0-301F-11D3-BF4B-00C04F79EFBC}") = "MemNet.IntegrationTests", "MemNet.IntegrationTests\MemNet.IntegrationTests.csproj", "{33F85602-AFB4-4D51-B3F0-B710405CA3D0}"
EndProject
Project("{FAE04EC0-301F-11D3-BF4B-00C04F79EFBC}") = "MemNet.Redis", "MemNet.Redis\MemNet.Redis.csproj", "{7D2C9FD0-E26A-42CA-B69F-B3EB22E5D9CD}"
EndProject
Project("{2150E333-8FDC-42A3-9474-1A3956D46DE8}") = "Examples", "Examples", "{DF428833-7E11-4385-936B-8A7CD39A1F82}"
EndProject
Project("{2150E333-8FDC-42A3-9474-1A3956D46DE8}") = "Tests", "Tests", "{2B826DA6-177E-4B74-822B-3C6ED4CFE345}"
EndProject
Project("{FAE04EC0-301F-11D3-BF4B-00C04F79EFBC}") = "MemNet.ConsoleApp1", "Examples\MemNet.ConsoleApp1\MemNet.ConsoleApp1.csproj", "{329B8DE7-2548-4A57-8E42-FDCC3F9B8F94}"
EndProject
Project("{FAE04EC0-301F-11D3-BF4B-00C04F79EFBC}") = "StatefulChat1", "Examples\StatefulChat1\StatefulChat1.csproj", "{964AC2C0-FFCE-40E4-9ECF-7C68C48C3DBD}"
EndProject
Global
	GlobalSection(SolutionConfigurationPlatforms) = preSolution
		Debug|Any CPU = Debug|Any CPU
		Debug|x64 = Debug|x64
		Debug|x86 = Debug|x86
		Release|Any CPU = Release|Any CPU
		Release|x64 = Release|x64
		Release|x86 = Release|x86
	EndGlobalSection
	GlobalSection(ProjectConfigurationPlatforms) = postSolution
		{68B01A46-0B2E-4AA4-9B19-1348CFF5DC77}.Debug|Any CPU.ActiveCfg = Debug|Any CPU
		{68B01A46-0B2E-4AA4-9B19-1348CFF5DC77}.Debug|Any CPU.Build.0 = Debug|Any CPU
		{68B01A46-0B2E-4AA4-9B19-1348CFF5DC77}.Debug|x64.ActiveCfg = Debug|Any CPU
		{68B01A46-0B2E-4AA4-9B19-1348CFF5DC77}.Debug|x64.Build.0 = Debug|Any CPU
		{68B01A46-0B2E-4AA4-9B19-1348CFF5DC77}.Debug|x86.ActiveCfg = Debug|Any CPU
		{68B01A46-0B2E-4AA4-9B19-1348CFF5DC77}.Debug|x86.Build.0 = Debug|Any CPU
		{68B01A46-0B2E-4AA4-9B19-1348CFF5DC77}.Release|Any CPU.ActiveCfg = Release|Any CPU
		{68B01A46-0B2E-4AA4-9B19-1348CFF5DC77}.Release|Any CPU.Build.0 = Release|Any CPU
		{68B01A46-0B2E-4AA4-9B19-1348CFF5DC77}.Release|x64.ActiveCfg = Release|Any CPU
		{68B01A46-0B2E-4AA4-9B19-1348CFF5DC77}.Release|x64.Build.0 = Release|Any CPU
		{68B01A46-0B2E-4AA4-9B19-1348CFF5DC77}.Release|x86.ActiveCfg = Release|Any CPU
		{68B01A46-0B2E-4AA4-9B19-1348CFF5DC77}.Release|x86.Build.0 = Release|Any CPU
		{B0B1425F-B0EA-44E4-970A-ECFE78F544FB}.Debug|Any CPU.ActiveCfg = Debug|Any CPU
		{B0B1425F-B0EA-44E4-970A-ECFE78F544FB}.Debug|Any CPU.Build.0 = Debug|Any CPU
		{B0B1425F-B0EA-44E4-970A-ECFE78F544FB}.Debug|x64.ActiveCfg = Debug|Any CPU
		{B0B1425F-B0EA-44E4-970A-ECFE78F544FB}.Debug|x64.Build.0 = Debug|Any CPU
		{B0B1425F-B0EA-44E4-970A-ECFE78F544FB}.Debug|x86.ActiveCfg = Debug|Any CPU
		{B0B1425F-B0EA-44E4-970A-ECFE78F544FB}.Debug|x86.Build.0 = Debug|Any CPU
		{B0B1425F-B0EA-44E4-970A-ECFE78F544FB}.Release|Any CPU.ActiveCfg = Release|Any CPU
		{B0B1425F-B0EA-44E4-970A-ECFE78F544FB}.Release|Any CPU.Build.0 = Release|Any CPU
		{B0B1425F-B0EA-44E4-970A-ECFE78F544FB}.Release|x64.ActiveCfg = Release|Any CPU
		{B0B1425F-B0EA-44E4-970A-ECFE78F544FB}.Release|x64.Build.0 = Release|Any CPU
		{B0B1425F-B0EA-44E4-970A-ECFE78F544FB}.Release|x86.ActiveCfg = Release|Any CPU
		{B0B1425F-B0EA-44E4-970A-ECFE78F544FB}.Release|x86.Build.0 = Release|Any CPU
		{33F85602-AFB4-4D51-B3F0-B710405CA3D0}.Debug|Any CPU.ActiveCfg = Debug|Any CPU
		{33F85602-AFB4-4D51-B3F0-B710405CA3D0}.Debug|Any CPU.Build.0 = Debug|Any CPU
		{33F85602-AFB4-4D51-B3F0-B710405CA3D0}.Debug|x64.ActiveCfg = Debug|Any CPU
		{33F85602-AFB4-4D51-B3F0-B710405CA3D0}.Debug|x64.Build.0 = Debug|Any CPU
		{33F85602-AFB4-4D51-B3F0-B710405CA3D0}.Debug|x86.ActiveCfg = Debug|Any CPU
		{33F85602-AFB4-4D51-B3F0-B710405CA3D0}.Debug|x86.Build.0 = Debug|Any CPU
		{33F85602-AFB4-4D51-B3F0-B710405CA3D0}.Release|Any CPU.ActiveCfg = Release|Any CPU
		{33F85602-AFB4-4D51-B3F0-B710405CA3D0}.Release|Any CPU.Build.0 = Release|Any CPU
		{33F85602-AFB4-4D51-B3F0-B710405CA3D0}.Release|x64.ActiveCfg = Release|Any CPU
		{33F85602-AFB4-4D51-B3F0-B710405CA3D0}.Release|x64.Build.0 = Release|Any CPU
		{33F85602-AFB4-4D51-B3F0-B710405CA3D0}.Release|x86.ActiveCfg = Release|Any CPU
		{33F85602-AFB4-4D51-B3F0-B710405CA3D0}.Release|x86.Build.0 = Release|Any CPU
		{7D2C9FD0-E26A-42CA-B69F-B3EB22E5D9CD}.Debug|Any CPU.ActiveCfg = Debug|Any CPU
		{7D2C9FD0-E26A-42CA-B69F-B3EB22E5D9CD}.Debug|Any CPU.Build.0 = Debug|Any CPU
		{7D2C9FD0-E26A-42CA-B69F-B3EB22E5D9CD}.Debug|x64.ActiveCfg = Debug|Any CPU
		{7D2C9FD0-E26A-42CA-B69F-B3EB22E5D9CD}.Debug|x64.Build.0 = Debug|Any CPU
		{7D2C9FD0-E26A-42CA-B69F-B3EB22E5D9CD}.Debug|x86.ActiveCfg = Debug|Any CPU
		{7D2C9FD0-E26A-42CA-B69F-B3EB22E5D9CD}.Debug|x86.Build.0 = Debug|Any CPU
		{7D2C9FD0-E26A-42CA-B69F-B3EB22E5D9CD}.Release|Any CPU.ActiveCfg = Release|Any CPU
		{7D2C9FD0-E26A-42CA-B69F-B3EB22E5D9CD}.Release|Any CPU.Build.0 = Release|Any CPU
		{7D2C9FD0-E26A-42CA-B69F-B3EB22E5D9CD}.Release|x64.ActiveCfg = Release|Any CPU
		{7D2C9FD0-E26A-42CA-B69F-B3EB22E5D9CD}.Release|x64.Build.0 = Release|Any CPU
		{7D2C9FD0-E26A-42CA-B69F-B3EB22E5D9CD}.Release|x86.ActiveCfg = Release|Any CPU
		{7D2C9FD0-E26A-42CA-B69F-B3EB22E5D9CD}.Release|x86.Build.0 = Release|Any CPU
		{329B8DE7-2548-4A57-8E42-FDCC3F9B8F94}.Debug|Any CPU.ActiveCfg = Debug|Any CPU
		{329B8DE7-2548-4A57-8E42-FDCC3F9B8F94}.Debug|Any CPU.Build.0 = Debug|Any CPU
		{329B8DE7-2548-4A57-8E42-FDCC3F9B8F94}.Debug|x64.ActiveCfg = Debug|Any CPU
		{329B8DE7-2548-4A57-8E42-FDCC3F9B8F94}.Debug|x64.Build.0 = Debug|Any CPU
		{329B8DE7-2548-4A57-8E42-FDCC3F9B8F94}.Debug|x86.ActiveCfg = Debug|Any CPU
		{329B8DE7-2548-4A57-8E42-FDCC3F9B8F94}.Debug|x86.Build.0 = Debug|Any CPU
		{329B8DE7-2548-4A57-8E42-FDCC3F9B8F94}.Release|Any CPU.ActiveCfg = Release|Any CPU
		{329B8DE7-2548-4A57-8E42-FDCC3F9B8F94}.Release|Any CPU.Build.0 = Release|Any CPU
		{329B8DE7-2548-4A57-8E42-FDCC3F9B8F94}.Release|x64.ActiveCfg = Release|Any CPU
		{329B8DE7-2548-4A57-8E42-FDCC3F9B8F94}.Release|x64.Build.0 = Release|Any CPU
		{329B8DE7-2548-4A57-8E42-FDCC3F9B8F94}.Release|x86.ActiveCfg = Release|Any CPU
		{329B8DE7-2548-4A57-8E42-FDCC3F9B8F94}.Release|x86.Build.0 = Release|Any CPU
		{964AC2C0-FFCE-40E4-9ECF-7C68C48C3DBD}.Debug|Any CPU.ActiveCfg = Debug|Any CPU
		{964AC2C0-FFCE-40E4-9ECF-7C68C48C3DBD}.Debug|Any CPU.Build.0 = Debug|Any CPU
		{964AC2C0-FFCE-40E4-9ECF-7C68C48C3DBD}.Debug|x64.ActiveCfg = Debug|Any CPU
		{964AC2C0-FFCE-40E4-9ECF-7C68C48C3DBD}.Debug|x64.Build.0 = Debug|Any CPU
		{964AC2C0-FFCE-40E4-9ECF-7C68C48C3DBD}.Debug|x86.ActiveCfg = Debug|Any CPU
		{964AC2C0-FFCE-40E4-9ECF-7C68C48C3DBD}.Debug|x86.Build.0 = Debug|Any CPU
		{964AC2C0-FFCE-40E4-9ECF-7C68C48C3DBD}.Release|Any CPU.ActiveCfg = Release|Any CPU
		{964AC2C0-FFCE-40E4-9ECF-7C68C48C3DBD}.Release|Any CPU.Build.0 = Release|Any CPU
		{964AC2C0-FFCE-40E4-9ECF-7C68C48C3DBD}.Release|x64.ActiveCfg = Release|Any CPU
		{964AC2C0-FFCE-40E4-9ECF-7C68C48C3DBD}.Release|x64.Build.0 = Release|Any CPU
		{964AC2C0-FFCE-40E4-9ECF-7C68C48C3DBD}.Release|x86.ActiveCfg = Release|Any CPU
		{964AC2C0-FFCE-40E4-9ECF-7C68C48C3DBD}.Release|x86.Build.0 = Release|Any CPU
	EndGlobalSection
	GlobalSection(SolutionProperties) = preSolution
		HideSolutionNode = FALSE
	EndGlobalSection
	GlobalSection(NestedProjects) = preSolution
		{33F85602-AFB4-4D51-B3F0-B710405CA3D0} = {2B826DA6-177E-4B74-822B-3C6ED4CFE345}
		{329B8DE7-2548-4A57-8E42-FDCC3F9B8F94} = {DF428833-7E11-4385-936B-8A7CD39A1F82}
		{964AC2C0-FFCE-40E4-9ECF-7C68C48C3DBD} = {DF428833-7E11-4385-936B-8A7CD39A1F82}
	EndGlobalSection
EndGlobal
